
Microsoft Visual Studio Solution File, Format Version 12.00
# Visual Studio Version 17
VisualStudioVersion = 17.6.33723.286
MinimumVisualStudioVersion = 10.0.40219.1
Project("{6989167D-11E4-40FE-8C1A-2192A86A7E90}") = "optDFTw", "optDFTw.vfproj", "{38ACE4C1-1CA1-4B43-B3B1-A3DB06B90FB7}"
EndProject
Global
	GlobalSection(SolutionConfigurationPlatforms) = preSolution
		Debug|x64 = Debug|x64
		Debug|x86 = Debug|x86
		Release|x64 = Release|x64
		Release|x86 = Release|x86
	EndGlobalSection
	GlobalSection(ProjectConfigurationPlatforms) = postSolution
		{38ACE4C1-1CA1-4B43-B3B1-A3DB06B90FB7}.Debug|x64.ActiveCfg = Debug|x64
		{38ACE4C1-1CA1-4B43-B3B1-A3DB06B90FB7}.Debug|x64.Build.0 = Debug|x64
		{38ACE4C1-1CA1-4B43-B3B1-A3DB06B90FB7}.Debug|x86.ActiveCfg = Debug|Win32
		{38ACE4C1-1CA1-4B43-B3B1-A3DB06B90FB7}.Debug|x86.Build.0 = Debug|Win32
		{38ACE4C1-1CA1-4B43-B3B1-A3DB06B90FB7}.Release|x64.ActiveCfg = Release|x64
		{38ACE4C1-1CA1-4B43-B3B1-A3DB06B90FB7}.Release|x64.Build.0 = Release|x64
		{38ACE4C1-1CA1-4B43-B3B1-A3DB06B90FB7}.Release|x86.ActiveCfg = Release|Win32
		{38ACE4C1-1CA1-4B43-B3B1-A3DB06B90FB7}.Release|x86.Build.0 = Release|Win32
	EndGlobalSection
	GlobalSection(SolutionProperties) = preSolution
		HideSolutionNode = FALSE
	EndGlobalSection
	GlobalSection(ExtensibilityGlobals) = postSolution
		SolutionGuid = {9CF4490E-236B-45B3-8163-9D11A78FAA97}
	EndGlobalSection
EndGlobal
